
Microsoft Visual Studio Solution File, Format Version 12.00
# Blend for Visual Studio 15
VisualStudioVersion = 15.0.26228.0
MinimumVisualStudioVersion = 10.0.40219.1
Project("{FAE04EC0-301F-11D3-BF4B-00C04F79EFBC}") = "test3", "test3\test3.csproj", "{2BDD650B-A925-4676-BC75-524066A1783F}"
EndProject
Global
	GlobalSection(SolutionConfigurationPlatforms) = preSolution
		Debug|Any CPU = Debug|Any CPU
		Release|Any CPU = Release|Any CPU
	EndGlobalSection
	GlobalSection(ProjectConfigurationPlatforms) = postSolution
		{2BDD650B-A925-4676-BC75-524066A1783F}.Debug|Any CPU.ActiveCfg = Debug|Any CPU
		{2BDD650B-A925-4676-BC75-524066A1783F}.Debug|Any CPU.Build.0 = Debug|Any CPU
		{2BDD650B-A925-4676-BC75-524066A1783F}.Release|Any CPU.ActiveCfg = Release|Any CPU
		{2BDD650B-A925-4676-BC75-524066A1783F}.Release|Any CPU.Build.0 = Release|Any CPU
	EndGlobalSection
	GlobalSection(SolutionProperties) = preSolution
		HideSolutionNode = FALSE
	EndGlobalSection
EndGlobal
